{
  "name": "roomies",
  "version": "0.0.0",
  "lockfileVersion": 3,
  "requires": true,
  "packages": {
    "": {
      "name": "roomies",
      "version": "0.0.0",
      "workspaces": [
        "frontend",
        "backend",
        "shared"
      ],
      "engines": {
        "node": ">=20",
        "npm": ">=10"
      }
    },
    "backend": {
      "name": "@roomies/backend",
      "version": "0.0.0"
    },
    "frontend": {
      "name": "@roomies/frontend",
      "version": "0.0.0"
    },
    "node_modules/@roomies/backend": {
      "resolved": "backend",
      "link": true
    },
    "node_modules/@roomies/frontend": {
      "resolved": "frontend",
      "link": true
    },
    "node_modules/@roomies/shared": {
      "resolved": "shared",
      "link": true
    },
    "shared": {
      "name": "@roomies/shared",
      "version": "0.0.0"
    }
  }
}
